
Microsoft Visual Studio Solution File, Format Version 12.00
# Visual Studio Version 16
VisualStudioVersion = 16.0.31515.178
MinimumVisualStudioVersion = 10.0.40219.1
Project("{9A19103F-16F7-4668-BE54-9A1E7A4F7556}") = "DataAccess", "DataAccess\DataAccess.csproj", "{5480A348-BFF6-4966-B2A3-E2CA8EAB1992}"
EndProject
Project("{9A19103F-16F7-4668-BE54-9A1E7A4F7556}") = "Entities", "Entities\Entities.csproj", "{FFF41A03-8DFB-4F00-A432-C86A6DCAF47E}"
EndProject
Project("{9A19103F-16F7-4668-BE54-9A1E7A4F7556}") = "Business", "Business\Business.csproj", "{BE714C34-D94D-43B5-BE9B-2600FD21AF07}"
EndProject
Project("{9A19103F-16F7-4668-BE54-9A1E7A4F7556}") = "ConsoleUI2", "ConsoleUI2\ConsoleUI2.csproj", "{7AFB89AB-CD70-4A29-8D50-92F357D3038B}"
EndProject
Project("{9A19103F-16F7-4668-BE54-9A1E7A4F7556}") = "Core", "Core\Core.csproj", "{AF2DEA58-4F2E-468D-BFF0-689FD21712DA}"
EndProject
Project("{FAE04EC0-301F-11D3-BF4B-00C04F79EFBC}") = "WepAPI", "WepAPI\WepAPI.csproj", "{C597E906-E43A-4339-8D83-4FB6ACFF6DE4}"
EndProject
Global
	GlobalSection(SolutionConfigurationPlatforms) = preSolution
		Debug|Any CPU = Debug|Any CPU
		Release|Any CPU = Release|Any CPU
	EndGlobalSection
	GlobalSection(ProjectConfigurationPlatforms) = postSolution
		{5480A348-BFF6-4966-B2A3-E2CA8EAB1992}.Debug|Any CPU.ActiveCfg = Debug|Any CPU
		{5480A348-BFF6-4966-B2A3-E2CA8EAB1992}.Debug|Any CPU.Build.0 = Debug|Any CPU
		{5480A348-BFF6-4966-B2A3-E2CA8EAB1992}.Release|Any CPU.ActiveCfg = Release|Any CPU
		{5480A348-BFF6-4966-B2A3-E2CA8EAB1992}.Release|Any CPU.Build.0 = Release|Any CPU
		{FFF41A03-8DFB-4F00-A432-C86A6DCAF47E}.Debug|Any CPU.ActiveCfg = Debug|Any CPU
		{FFF41A03-8DFB-4F00-A432-C86A6DCAF47E}.Debug|Any CPU.Build.0 = Debug|Any CPU
		{FFF41A03-8DFB-4F00-A432-C86A6DCAF47E}.Release|Any CPU.ActiveCfg = Release|Any CPU
		{FFF41A03-8DFB-4F00-A432-C86A6DCAF47E}.Release|Any CPU.Build.0 = Release|Any CPU
		{BE714C34-D94D-43B5-BE9B-2600FD21AF07}.Debug|Any CPU.ActiveCfg = Debug|Any CPU
		{BE714C34-D94D-43B5-BE9B-2600FD21AF07}.Debug|Any CPU.Build.0 = Debug|Any CPU
		{BE714C34-D94D-43B5-BE9B-2600FD21AF07}.Release|Any CPU.ActiveCfg = Release|Any CPU
		{BE714C34-D94D-43B5-BE9B-2600FD21AF07}.Release|Any CPU.Build.0 = Release|Any CPU
		{7AFB89AB-CD70-4A29-8D50-92F357D3038B}.Debug|Any CPU.ActiveCfg = Debug|Any CPU
		{7AFB89AB-CD70-4A29-8D50-92F357D3038B}.Debug|Any CPU.Build.0 = Debug|Any CPU
		{7AFB89AB-CD70-4A29-8D50-92F357D3038B}.Release|Any CPU.ActiveCfg = Release|Any CPU
		{7AFB89AB-CD70-4A29-8D50-92F357D3038B}.Release|Any CPU.Build.0 = Release|Any CPU
		{AF2DEA58-4F2E-468D-BFF0-689FD21712DA}.Debug|Any CPU.ActiveCfg = Debug|Any CPU
		{AF2DEA58-4F2E-468D-BFF0-689FD21712DA}.Debug|Any CPU.Build.0 = Debug|Any CPU
		{AF2DEA58-4F2E-468D-BFF0-689FD21712DA}.Release|Any CPU.ActiveCfg = Release|Any CPU
		{AF2DEA58-4F2E-468D-BFF0-689FD21712DA}.Release|Any CPU.Build.0 = Release|Any CPU
		{C597E906-E43A-4339-8D83-4FB6ACFF6DE4}.Debug|Any CPU.ActiveCfg = Debug|Any CPU
		{C597E906-E43A-4339-8D83-4FB6ACFF6DE4}.Debug|Any CPU.Build.0 = Debug|Any CPU
		{C597E906-E43A-4339-8D83-4FB6ACFF6DE4}.Release|Any CPU.ActiveCfg = Release|Any CPU
		{C597E906-E43A-4339-8D83-4FB6ACFF6DE4}.Release|Any CPU.Build.0 = Release|Any CPU
	EndGlobalSection
	GlobalSection(SolutionProperties) = preSolution
		HideSolutionNode = FALSE
	EndGlobalSection
	GlobalSection(ExtensibilityGlobals) = postSolution
		SolutionGuid = {4B599F01-06DE-4929-888F-44BC6A23958E}
	EndGlobalSection
EndGlobal
